
Microsoft Visual Studio Solution File, Format Version 12.00
Project("{FAE04EC0-301F-11D3-BF4B-00C04F79EFBC}") = "PracticalExamDMAWS", "PracticalExamDMAWS\PracticalExamDMAWS.csproj", "{93CE63AC-6857-43A3-9F74-D44FD43EC833}"
EndProject
Global
	GlobalSection(SolutionConfigurationPlatforms) = preSolution
		Debug|Any CPU = Debug|Any CPU
		Release|Any CPU = Release|Any CPU
	EndGlobalSection
	GlobalSection(ProjectConfigurationPlatforms) = postSolution
		{93CE63AC-6857-43A3-9F74-D44FD43EC833}.Debug|Any CPU.ActiveCfg = Debug|Any CPU
		{93CE63AC-6857-43A3-9F74-D44FD43EC833}.Debug|Any CPU.Build.0 = Debug|Any CPU
		{93CE63AC-6857-43A3-9F74-D44FD43EC833}.Release|Any CPU.ActiveCfg = Release|Any CPU
		{93CE63AC-6857-43A3-9F74-D44FD43EC833}.Release|Any CPU.Build.0 = Release|Any CPU
	EndGlobalSection
EndGlobal
